
Microsoft Visual Studio Solution File, Format Version 12.00
# Visual Studio Version 16
VisualStudioVersion = 16.0.29326.143
MinimumVisualStudioVersion = 10.0.40219.1
Project("{FAE04EC0-301F-11D3-BF4B-00C04F79EFBC}") = "MiningSystem", "MiningSystem\MiningSystem.csproj", "{D8F6A29E-0E58-4CD5-AC35-241E615FA156}"
EndProject
Global
	GlobalSection(SolutionConfigurationPlatforms) = preSolution
		Debug|Any CPU = Debug|Any CPU
		Release|Any CPU = Release|Any CPU
	EndGlobalSection
	GlobalSection(ProjectConfigurationPlatforms) = postSolution
		{D8F6A29E-0E58-4CD5-AC35-241E615FA156}.Debug|Any CPU.ActiveCfg = Debug|Any CPU
		{D8F6A29E-0E58-4CD5-AC35-241E615FA156}.Debug|Any CPU.Build.0 = Debug|Any CPU
		{D8F6A29E-0E58-4CD5-AC35-241E615FA156}.Release|Any CPU.ActiveCfg = Release|Any CPU
		{D8F6A29E-0E58-4CD5-AC35-241E615FA156}.Release|Any CPU.Build.0 = Release|Any CPU
	EndGlobalSection
	GlobalSection(SolutionProperties) = preSolution
		HideSolutionNode = FALSE
	EndGlobalSection
	GlobalSection(ExtensibilityGlobals) = postSolution
		SolutionGuid = {0F2C01F7-C6CF-4FF3-9A3D-5B41E16CB87F}
	EndGlobalSection
EndGlobal
