
Microsoft Visual Studio Solution File, Format Version 12.00
# Visual Studio Version 16
VisualStudioVersion = 16.0.29613.14
MinimumVisualStudioVersion = 10.0.40219.1
Project("{FAE04EC0-301F-11D3-BF4B-00C04F79EFBC}") = "Queue", "Queue\Queue.csproj", "{5C49391E-CD69-415A-8B4B-B2899424C746}"
EndProject
Global
	GlobalSection(SolutionConfigurationPlatforms) = preSolution
		Debug|Any CPU = Debug|Any CPU
		Release|Any CPU = Release|Any CPU
	EndGlobalSection
	GlobalSection(ProjectConfigurationPlatforms) = postSolution
		{5C49391E-CD69-415A-8B4B-B2899424C746}.Debug|Any CPU.ActiveCfg = Debug|Any CPU
		{5C49391E-CD69-415A-8B4B-B2899424C746}.Debug|Any CPU.Build.0 = Debug|Any CPU
		{5C49391E-CD69-415A-8B4B-B2899424C746}.Release|Any CPU.ActiveCfg = Release|Any CPU
		{5C49391E-CD69-415A-8B4B-B2899424C746}.Release|Any CPU.Build.0 = Release|Any CPU
	EndGlobalSection
	GlobalSection(SolutionProperties) = preSolution
		HideSolutionNode = FALSE
	EndGlobalSection
	GlobalSection(ExtensibilityGlobals) = postSolution
		SolutionGuid = {B7BC1ACB-A8DC-49EC-A573-5FCF419C45DB}
	EndGlobalSection
EndGlobal
