
Microsoft Visual Studio Solution File, Format Version 12.00
# Visual Studio Version 16
VisualStudioVersion = 16.0.29326.143
MinimumVisualStudioVersion = 10.0.40219.1
Project("{FAE04EC0-301F-11D3-BF4B-00C04F79EFBC}") = "Student", "Student\Student.csproj", "{A450553B-575A-4E14-8EC7-866F561AE8C1}"
EndProject
Global
	GlobalSection(SolutionConfigurationPlatforms) = preSolution
		Debug|Any CPU = Debug|Any CPU
		Release|Any CPU = Release|Any CPU
	EndGlobalSection
	GlobalSection(ProjectConfigurationPlatforms) = postSolution
		{A450553B-575A-4E14-8EC7-866F561AE8C1}.Debug|Any CPU.ActiveCfg = Debug|Any CPU
		{A450553B-575A-4E14-8EC7-866F561AE8C1}.Debug|Any CPU.Build.0 = Debug|Any CPU
		{A450553B-575A-4E14-8EC7-866F561AE8C1}.Release|Any CPU.ActiveCfg = Release|Any CPU
		{A450553B-575A-4E14-8EC7-866F561AE8C1}.Release|Any CPU.Build.0 = Release|Any CPU
	EndGlobalSection
	GlobalSection(SolutionProperties) = preSolution
		HideSolutionNode = FALSE
	EndGlobalSection
	GlobalSection(ExtensibilityGlobals) = postSolution
		SolutionGuid = {7671DBCF-A8C1-4516-B853-49F6331F38B7}
	EndGlobalSection
EndGlobal
